
Microsoft Visual Studio Solution File, Format Version 12.00
# Visual Studio Version 16
VisualStudioVersion = 16.0.810.16
MinimumVisualStudioVersion = 10.0.40219.1
Project("{FAE04EC0-301F-11D3-BF4B-00C04F79EFBC}") = "RefresherOfCSharp", "RefresherOfCSharp\RefresherOfCSharp.csproj", "{70532886-440B-4667-A35E-DBC9DBCE5B6E}"
EndProject
Project("{2150E333-8FDC-42A3-9474-1A3956D46DE8}") = "Solution Items", "Solution Items", "{E25EE4CA-6721-4C15-AEEF-175EAB7FB794}"
EndProject
Global
	GlobalSection(SolutionConfigurationPlatforms) = preSolution
		Debug|Any CPU = Debug|Any CPU
		Release|Any CPU = Release|Any CPU
	EndGlobalSection
	GlobalSection(ProjectConfigurationPlatforms) = postSolution
		{70532886-440B-4667-A35E-DBC9DBCE5B6E}.Debug|Any CPU.ActiveCfg = Debug|Any CPU
		{70532886-440B-4667-A35E-DBC9DBCE5B6E}.Debug|Any CPU.Build.0 = Debug|Any CPU
		{70532886-440B-4667-A35E-DBC9DBCE5B6E}.Release|Any CPU.ActiveCfg = Release|Any CPU
		{70532886-440B-4667-A35E-DBC9DBCE5B6E}.Release|Any CPU.Build.0 = Release|Any CPU
	EndGlobalSection
	GlobalSection(SolutionProperties) = preSolution
		HideSolutionNode = FALSE
	EndGlobalSection
	GlobalSection(ExtensibilityGlobals) = postSolution
		SolutionGuid = {6B640B36-0ED8-486B-9AF0-4A4DF96E0E55}
	EndGlobalSection
EndGlobal
